schema: '2.0'
stages:
  data_ingestion:
    cmd: python src/cnnClassifier/pipeline/stage_01_data_ingestion.py
    deps:
    - path: config/config.yaml
      hash: md5
      md5: 35a675c59d327c78a4339ffd06827e0d
      size: 1473
    - path: src/cnnClassifier/pipeline/stage_01_data_ingestion.py
      hash: md5
      md5: ae9620537e18130785e205a9619bebaf
      size: 1356
    outs:
    - path: artifacts/data_ingestion/Chest-CT-Scan-data
      hash: md5
      md5: 904fa45d934ce879b3b1933dca6cb2f1.dir
      size: 49247431
      nfiles: 343
  prepare_base_model:
    cmd: python src/cnnClassifier/pipeline/stage_02_prepare_base_model.py
    deps:
    - path: config/config.yaml
      hash: md5
      md5: 35a675c59d327c78a4339ffd06827e0d
      size: 1473
    - path: params.yaml
      hash: md5
      md5: e7a2c62c8e8056328e889996eee64b4e
      size: 660
    - path: src/cnnClassifier/pipeline/stage_02_prepare_base_model.py
      hash: md5
      md5: 020b9408eb6798be3a1925537a0d442b
      size: 1331
    params:
      params.yaml:
        CLASSES: 2
        IMAGE_SIZE:
        - 224
        - 224
        - 3
        INCLUDE_TOP: false
        LEARNING_RATE: 0.001
        WEIGHTS: imagenet
    outs:
    - path: artifacts/prepare_base_model
      hash: md5
      md5: 95296c52e2c52e900dca4e14575aaa30.dir
      size: 118059248
      nfiles: 2
  feature_engineering:
    cmd: python src/cnnClassifier/pipeline/stage_03_feature_engineering.py
    deps:
    - path: artifacts/data_ingestion/Chest-CT-Scan-data
      hash: md5
      md5: 904fa45d934ce879b3b1933dca6cb2f1.dir
      size: 49247431
      nfiles: 343
    - path: artifacts/prepare_base_model/base_model.h5
      hash: md5
      md5: 96f85cc903939192d6b0f6ab18745055
      size: 58921912
    - path: config/config.yaml
      hash: md5
      md5: 35a675c59d327c78a4339ffd06827e0d
      size: 1473
    - path: params.yaml
      hash: md5
      md5: e7a2c62c8e8056328e889996eee64b4e
      size: 660
    - path: src/cnnClassifier/pipeline/stage_03_feature_engineering.py
      hash: md5
      md5: b9f0ab23c2303962b6ffef74bd6e4b17
      size: 1341
    params:
      params.yaml:
        FEATURE_ENGINEERING.pca_components: 50
        FEATURE_ENGINEERING.use_deep_features: true
        FEATURE_ENGINEERING.use_pca: true
        FEATURE_ENGINEERING.use_radiomic_features: true
    outs:
    - path: artifacts/feature_stats.json
      hash: md5
      md5: 5724ee52640008a602186c770938d414
      size: 114
    - path: artifacts/features
      hash: md5
      md5: 9776349cf29ef41cdb0fc423be893ecb.dir
      size: 612224
      nfiles: 4
