schema: '2.0'
stages:
  data_ingestion:
    cmd: python src/cnnClassifier/pipeline/stage_01_data_ingestion.py
    deps:
    - path: config/config.yaml
      hash: md5
      md5: 086dc353541bd95a4aaa5374f04651fb
      size: 764
    - path: src/cnnClassifier/pipeline/stage_01_data_ingestion.py
      hash: md5
      md5: ae9620537e18130785e205a9619bebaf
      size: 1356
    outs:
    - path: artifacts/data_ingestion/Chest-CT-Scan-data
      hash: md5
      md5: 904fa45d934ce879b3b1933dca6cb2f1.dir
      size: 49247431
      nfiles: 343
  prepare_base_model:
    cmd: python src/cnnClassifier/pipeline/stage_02_prepare_base_model.py
    deps:
    - path: config/config.yaml
      hash: md5
      md5: 086dc353541bd95a4aaa5374f04651fb
      size: 764
    - path: params.yaml
      hash: md5
      md5: a83859c7ace886f5b50a0be85da937cc
      size: 169
    - path: src/cnnClassifier/pipeline/stage_02_prepare_base_model.py
      hash: md5
      md5: 020b9408eb6798be3a1925537a0d442b
      size: 1331
    params:
      params.yaml:
        CLASSES: 2
        IMAGE_SIZE:
        - 224
        - 224
        - 3
        INCLUDE_TOP: false
        LEARNING_RATE: 0.001
        WEIGHTS: imagenet
    outs:
    - path: artifacts/prepare_base_model
      hash: md5
      md5: 1d4fd22dca1fac15bacd04d2d3b9237f.dir
      size: 118059248
      nfiles: 2
  training:
    cmd: python src/cnnClassifier/pipeline/stage_03_model_trainer.py
    deps:
    - path: artifacts/data_ingestion/Chest-CT-Scan-data
      hash: md5
      md5: 904fa45d934ce879b3b1933dca6cb2f1.dir
      size: 49247431
      nfiles: 343
    - path: artifacts/prepare_base_model
      hash: md5
      md5: 1d4fd22dca1fac15bacd04d2d3b9237f.dir
      size: 118059248
      nfiles: 2
    - path: config/config.yaml
      hash: md5
      md5: 086dc353541bd95a4aaa5374f04651fb
      size: 764
    - path: params.yaml
      hash: md5
      md5: a83859c7ace886f5b50a0be85da937cc
      size: 169
    - path: src/cnnClassifier/pipeline/stage_03_model_trainer.py
      hash: md5
      md5: f3d13265acca7a9562534d39c1845c2b
      size: 1273
    params:
      params.yaml:
        AUGMENTATION: true
        BATCH_SIZE: 12
        EPOCHS: 4
        IMAGE_SIZE:
        - 224
        - 224
        - 3
        LEARNING_RATE: 0.001
    outs:
    - path: artifacts/training/model.h5
      hash: md5
      md5: dff004503cfe27426fb287c7c16d369e
      size: 59341712
  evaluation:
    cmd: python src/cnnClassifier/pipeline/stage_04_model_evaluation.py
    deps:
    - path: artifacts/data_ingestion/Chest-CT-Scan-data
      hash: md5
      md5: 904fa45d934ce879b3b1933dca6cb2f1.dir
      size: 49247431
      nfiles: 343
    - path: artifacts/training/model.h5
      hash: md5
      md5: dff004503cfe27426fb287c7c16d369e
      size: 59341712
    - path: config/config.yaml
      hash: md5
      md5: 086dc353541bd95a4aaa5374f04651fb
      size: 764
    - path: params.yaml
      hash: md5
      md5: a83859c7ace886f5b50a0be85da937cc
      size: 169
    - path: src/cnnClassifier/pipeline/stage_04_model_evaluation.py
      hash: md5
      md5: a1ace66302ded4f46d8e49cf92d54aec
      size: 1143
    params:
      params.yaml:
        BATCH_SIZE: 12
        CLASSES: 2
        IMAGE_SIZE:
        - 224
        - 224
        - 3
    outs:
    - path: artifacts/evaluation
      hash: md5
      md5: a5e50892e4b594971c21aee99ababd82.dir
      size: 96533
      nfiles: 2
